
Microsoft Visual Studio Solution File, Format Version 12.00
# Visual Studio 14
VisualStudioVersion = 14.0.23107.0
MinimumVisualStudioVersion = 10.0.40219.1
Project("{FAE04EC0-301F-11D3-BF4B-00C04F79EFBC}") = "CardFormatter", "CardFormatter\CardFormatter.csproj", "{D593BEE6-B025-4BA3-8E39-0A719C813302}"
EndProject
Project("{2150E333-8FDC-42A3-9474-1A3956D46DE8}") = "PublishScripts", "PublishScripts", "{B70E1229-E8EB-437C-A0B3-BF06C3CBF1BE}"
	ProjectSection(SolutionItems) = preProject
		PublishScripts\AzureVMPublishModule.psm1 = PublishScripts\AzureVMPublishModule.psm1
		PublishScripts\Publish-WebApplicationVM.ps1 = PublishScripts\Publish-WebApplicationVM.ps1
	EndProjectSection
EndProject
Project("{2150E333-8FDC-42A3-9474-1A3956D46DE8}") = "Configurations", "Configurations", "{29697BE8-2410-477A-AD0C-0CE0C29372D3}"
	ProjectSection(SolutionItems) = preProject
		PublishScripts\Configurations\CardFormatter-WAWS-dev.json = PublishScripts\Configurations\CardFormatter-WAWS-dev.json
	EndProjectSection
EndProject
Global
	GlobalSection(SolutionConfigurationPlatforms) = preSolution
		Debug|Any CPU = Debug|Any CPU
		Release|Any CPU = Release|Any CPU
	EndGlobalSection
	GlobalSection(ProjectConfigurationPlatforms) = postSolution
		{D593BEE6-B025-4BA3-8E39-0A719C813302}.Debug|Any CPU.ActiveCfg = Debug|Any CPU
		{D593BEE6-B025-4BA3-8E39-0A719C813302}.Debug|Any CPU.Build.0 = Debug|Any CPU
		{D593BEE6-B025-4BA3-8E39-0A719C813302}.Release|Any CPU.ActiveCfg = Release|Any CPU
		{D593BEE6-B025-4BA3-8E39-0A719C813302}.Release|Any CPU.Build.0 = Release|Any CPU
	EndGlobalSection
	GlobalSection(SolutionProperties) = preSolution
		HideSolutionNode = FALSE
	EndGlobalSection
	GlobalSection(NestedProjects) = preSolution
		{29697BE8-2410-477A-AD0C-0CE0C29372D3} = {B70E1229-E8EB-437C-A0B3-BF06C3CBF1BE}
	EndGlobalSection
EndGlobal
